
Microsoft Visual Studio Solution File, Format Version 12.00
# Visual Studio Version 16
VisualStudioVersion = 16.0.29009.5
MinimumVisualStudioVersion = 10.0.40219.1
Project("{9A19103F-16F7-4668-BE54-9A1E7A4F7556}") = "RentACarApp.Model", "RentACarApp.Model\RentACarApp.Model.csproj", "{A024FC77-8B73-44ED-ABF6-615875CE259F}"
EndProject
Project("{2150E333-8FDC-42A3-9474-1A3956D46DE8}") = "UI", "UI", "{59AE0486-ED5E-4CC4-8DCD-B5BF6E8C8645}"
EndProject
Project("{2150E333-8FDC-42A3-9474-1A3956D46DE8}") = "Web", "Web", "{A29739F3-1EE9-444F-82B1-BEDB89BC3639}"
EndProject
Project("{2150E333-8FDC-42A3-9474-1A3956D46DE8}") = "Mobile", "Mobile", "{EB98441D-B342-45E7-A533-F2C2A3B9C432}"
EndProject
Project("{9A19103F-16F7-4668-BE54-9A1E7A4F7556}") = "RentACarApp.WebAPI", "RentACarApp.WebAPI\RentACarApp.WebAPI.csproj", "{D2742338-6D21-4DFA-9719-6263E529D6E2}"
EndProject
Project("{9A19103F-16F7-4668-BE54-9A1E7A4F7556}") = "RentACarApp.MobileUI", "RentACarApp.MobileUI\RentACarApp.MobileUI\RentACarApp.MobileUI\RentACarApp.MobileUI.csproj", "{8DCB48FE-3B8B-45AF-BBB3-418D9BB3200E}"
EndProject
Project("{FAE04EC0-301F-11D3-BF4B-00C04F79EFBC}") = "RentACarApp.MobileUI.Android", "RentACarApp.MobileUI\RentACarApp.MobileUI\RentACarApp.MobileUI.Android\RentACarApp.MobileUI.Android.csproj", "{BE75D840-DBDC-47F3-9942-8BBA5180424E}"
	ProjectSection(ProjectDependencies) = postProject
		{8DCB48FE-3B8B-45AF-BBB3-418D9BB3200E} = {8DCB48FE-3B8B-45AF-BBB3-418D9BB3200E}
	EndProjectSection
EndProject
Project("{FAE04EC0-301F-11D3-BF4B-00C04F79EFBC}") = "RentACarApp.MobileUI.iOS", "RentACarApp.MobileUI\RentACarApp.MobileUI\RentACarApp.MobileUI.iOS\RentACarApp.MobileUI.iOS.csproj", "{26703ED8-6389-44F5-8B4F-FD22D8DD4CD4}"
	ProjectSection(ProjectDependencies) = postProject
		{8DCB48FE-3B8B-45AF-BBB3-418D9BB3200E} = {8DCB48FE-3B8B-45AF-BBB3-418D9BB3200E}
	EndProjectSection
EndProject
Project("{9A19103F-16F7-4668-BE54-9A1E7A4F7556}") = "RentACar.WebAplikacija", "RentACar.WebAplikacija\RentACar.WebAplikacija.csproj", "{206DEC52-9095-47FE-A5B4-4E998FC5374D}"
EndProject
Project("{FAE04EC0-301F-11D3-BF4B-00C04F79EFBC}") = "RentACarApp.MobileUI.UWP", "RentACarApp.MobileUI\RentACarApp.MobileUI\RentACarApp.MobileUI.UWP\RentACarApp.MobileUI.UWP.csproj", "{CC4C0E59-772C-4B07-B736-30A1F31A5243}"
EndProject
Global
	GlobalSection(SolutionConfigurationPlatforms) = preSolution
		Ad-Hoc|Any CPU = Ad-Hoc|Any CPU
		Ad-Hoc|ARM = Ad-Hoc|ARM
		Ad-Hoc|iPhone = Ad-Hoc|iPhone
		Ad-Hoc|iPhoneSimulator = Ad-Hoc|iPhoneSimulator
		Ad-Hoc|x64 = Ad-Hoc|x64
		Ad-Hoc|x86 = Ad-Hoc|x86
		AppStore|Any CPU = AppStore|Any CPU
		AppStore|ARM = AppStore|ARM
		AppStore|iPhone = AppStore|iPhone
		AppStore|iPhoneSimulator = AppStore|iPhoneSimulator
		AppStore|x64 = AppStore|x64
		AppStore|x86 = AppStore|x86
		Debug|Any CPU = Debug|Any CPU
		Debug|ARM = Debug|ARM
		Debug|iPhone = Debug|iPhone
		Debug|iPhoneSimulator = Debug|iPhoneSimulator
		Debug|x64 = Debug|x64
		Debug|x86 = Debug|x86
		Release|Any CPU = Release|Any CPU
		Release|ARM = Release|ARM
		Release|iPhone = Release|iPhone
		Release|iPhoneSimulator = Release|iPhoneSimulator
		Release|x64 = Release|x64
		Release|x86 = Release|x86
	EndGlobalSection
	GlobalSection(ProjectConfigurationPlatforms) = postSolution
		{A024FC77-8B73-44ED-ABF6-615875CE259F}.Ad-Hoc|Any CPU.ActiveCfg = Release|Any CPU
		{A024FC77-8B73-44ED-ABF6-615875CE259F}.Ad-Hoc|Any CPU.Build.0 = Release|Any CPU
		{A024FC77-8B73-44ED-ABF6-615875CE259F}.Ad-Hoc|ARM.ActiveCfg = Release|Any CPU
		{A024FC77-8B73-44ED-ABF6-615875CE259F}.Ad-Hoc|ARM.Build.0 = Release|Any CPU
		{A024FC77-8B73-44ED-ABF6-615875CE259F}.Ad-Hoc|iPhone.ActiveCfg = Release|Any CPU
		{A024FC77-8B73-44ED-ABF6-615875CE259F}.Ad-Hoc|iPhone.Build.0 = Release|Any CPU
		{A024FC77-8B73-44ED-ABF6-615875CE259F}.Ad-Hoc|iPhoneSimulator.ActiveCfg = Release|Any CPU
		{A024FC77-8B73-44ED-ABF6-615875CE259F}.Ad-Hoc|iPhoneSimulator.Build.0 = Release|Any CPU
		{A024FC77-8B73-44ED-ABF6-615875CE259F}.Ad-Hoc|x64.ActiveCfg = Release|Any CPU
		{A024FC77-8B73-44ED-ABF6-615875CE259F}.Ad-Hoc|x64.Build.0 = Release|Any CPU
		{A024FC77-8B73-44ED-ABF6-615875CE259F}.Ad-Hoc|x86.ActiveCfg = Release|Any CPU
		{A024FC77-8B73-44ED-ABF6-615875CE259F}.Ad-Hoc|x86.Build.0 = Release|Any CPU
		{A024FC77-8B73-44ED-ABF6-615875CE259F}.AppStore|Any CPU.ActiveCfg = Release|Any CPU
		{A024FC77-8B73-44ED-ABF6-615875CE259F}.AppStore|Any CPU.Build.0 = Release|Any CPU
		{A024FC77-8B73-44ED-ABF6-615875CE259F}.AppStore|ARM.ActiveCfg = Release|Any CPU
		{A024FC77-8B73-44ED-ABF6-615875CE259F}.AppStore|ARM.Build.0 = Release|Any CPU
		{A024FC77-8B73-44ED-ABF6-615875CE259F}.AppStore|iPhone.ActiveCfg = Release|Any CPU
		{A024FC77-8B73-44ED-ABF6-615875CE259F}.AppStore|iPhone.Build.0 = Release|Any CPU
		{A024FC77-8B73-44ED-ABF6-615875CE259F}.AppStore|iPhoneSimulator.ActiveCfg = Release|Any CPU
		{A024FC77-8B73-44ED-ABF6-615875CE259F}.AppStore|iPhoneSimulator.Build.0 = Release|Any CPU
		{A024FC77-8B73-44ED-ABF6-615875CE259F}.AppStore|x64.ActiveCfg = Release|Any CPU
		{A024FC77-8B73-44ED-ABF6-615875CE259F}.AppStore|x64.Build.0 = Release|Any CPU
		{A024FC77-8B73-44ED-ABF6-615875CE259F}.AppStore|x86.ActiveCfg = Release|Any CPU
		{A024FC77-8B73-44ED-ABF6-615875CE259F}.AppStore|x86.Build.0 = Release|Any CPU
		{A024FC77-8B73-44ED-ABF6-615875CE259F}.Debug|Any CPU.ActiveCfg = Debug|Any CPU
		{A024FC77-8B73-44ED-ABF6-615875CE259F}.Debug|Any CPU.Build.0 = Debug|Any CPU
		{A024FC77-8B73-44ED-ABF6-615875CE259F}.Debug|ARM.ActiveCfg = Debug|Any CPU
		{A024FC77-8B73-44ED-ABF6-615875CE259F}.Debug|ARM.Build.0 = Debug|Any CPU
		{A024FC77-8B73-44ED-ABF6-615875CE259F}.Debug|iPhone.ActiveCfg = Debug|Any CPU
		{A024FC77-8B73-44ED-ABF6-615875CE259F}.Debug|iPhone.Build.0 = Debug|Any CPU
		{A024FC77-8B73-44ED-ABF6-615875CE259F}.Debug|iPhoneSimulator.ActiveCfg = Debug|Any CPU
		{A024FC77-8B73-44ED-ABF6-615875CE259F}.Debug|iPhoneSimulator.Build.0 = Debug|Any CPU
		{A024FC77-8B73-44ED-ABF6-615875CE259F}.Debug|x64.ActiveCfg = Debug|Any CPU
		{A024FC77-8B73-44ED-ABF6-615875CE259F}.Debug|x64.Build.0 = Debug|Any CPU
		{A024FC77-8B73-44ED-ABF6-615875CE259F}.Debug|x86.ActiveCfg = Debug|Any CPU
		{A024FC77-8B73-44ED-ABF6-615875CE259F}.Debug|x86.Build.0 = Debug|Any CPU
		{A024FC77-8B73-44ED-ABF6-615875CE259F}.Release|Any CPU.ActiveCfg = Release|Any CPU
		{A024FC77-8B73-44ED-ABF6-615875CE259F}.Release|Any CPU.Build.0 = Release|Any CPU
		{A024FC77-8B73-44ED-ABF6-615875CE259F}.Release|ARM.ActiveCfg = Release|Any CPU
		{A024FC77-8B73-44ED-ABF6-615875CE259F}.Release|ARM.Build.0 = Release|Any CPU
		{A024FC77-8B73-44ED-ABF6-615875CE259F}.Release|iPhone.ActiveCfg = Release|Any CPU
		{A024FC77-8B73-44ED-ABF6-615875CE259F}.Release|iPhone.Build.0 = Release|Any CPU
		{A024FC77-8B73-44ED-ABF6-615875CE259F}.Release|iPhoneSimulator.ActiveCfg = Release|Any CPU
		{A024FC77-8B73-44ED-ABF6-615875CE259F}.Release|iPhoneSimulator.Build.0 = Release|Any CPU
		{A024FC77-8B73-44ED-ABF6-615875CE259F}.Release|x64.ActiveCfg = Release|Any CPU
		{A024FC77-8B73-44ED-ABF6-615875CE259F}.Release|x64.Build.0 = Release|Any CPU
		{A024FC77-8B73-44ED-ABF6-615875CE259F}.Release|x86.ActiveCfg = Release|Any CPU
		{A024FC77-8B73-44ED-ABF6-615875CE259F}.Release|x86.Build.0 = Release|Any CPU
		{D2742338-6D21-4DFA-9719-6263E529D6E2}.Ad-Hoc|Any CPU.ActiveCfg = Debug|Any CPU
		{D2742338-6D21-4DFA-9719-6263E529D6E2}.Ad-Hoc|Any CPU.Build.0 = Debug|Any CPU
		{D2742338-6D21-4DFA-9719-6263E529D6E2}.Ad-Hoc|ARM.ActiveCfg = Debug|Any CPU
		{D2742338-6D21-4DFA-9719-6263E529D6E2}.Ad-Hoc|ARM.Build.0 = Debug|Any CPU
		{D2742338-6D21-4DFA-9719-6263E529D6E2}.Ad-Hoc|iPhone.ActiveCfg = Debug|Any CPU
		{D2742338-6D21-4DFA-9719-6263E529D6E2}.Ad-Hoc|iPhone.Build.0 = Debug|Any CPU
		{D2742338-6D21-4DFA-9719-6263E529D6E2}.Ad-Hoc|iPhoneSimulator.ActiveCfg = Debug|Any CPU
		{D2742338-6D21-4DFA-9719-6263E529D6E2}.Ad-Hoc|iPhoneSimulator.Build.0 = Debug|Any CPU
		{D2742338-6D21-4DFA-9719-6263E529D6E2}.Ad-Hoc|x64.ActiveCfg = Debug|Any CPU
		{D2742338-6D21-4DFA-9719-6263E529D6E2}.Ad-Hoc|x64.Build.0 = Debug|Any CPU
		{D2742338-6D21-4DFA-9719-6263E529D6E2}.Ad-Hoc|x86.ActiveCfg = Debug|Any CPU
		{D2742338-6D21-4DFA-9719-6263E529D6E2}.Ad-Hoc|x86.Build.0 = Debug|Any CPU
		{D2742338-6D21-4DFA-9719-6263E529D6E2}.AppStore|Any CPU.ActiveCfg = Debug|Any CPU
		{D2742338-6D21-4DFA-9719-6263E529D6E2}.AppStore|Any CPU.Build.0 = Debug|Any CPU
		{D2742338-6D21-4DFA-9719-6263E529D6E2}.AppStore|ARM.ActiveCfg = Debug|Any CPU
		{D2742338-6D21-4DFA-9719-6263E529D6E2}.AppStore|ARM.Build.0 = Debug|Any CPU
		{D2742338-6D21-4DFA-9719-6263E529D6E2}.AppStore|iPhone.ActiveCfg = Debug|Any CPU
		{D2742338-6D21-4DFA-9719-6263E529D6E2}.AppStore|iPhone.Build.0 = Debug|Any CPU
		{D2742338-6D21-4DFA-9719-6263E529D6E2}.AppStore|iPhoneSimulator.ActiveCfg = Debug|Any CPU
		{D2742338-6D21-4DFA-9719-6263E529D6E2}.AppStore|iPhoneSimulator.Build.0 = Debug|Any CPU
		{D2742338-6D21-4DFA-9719-6263E529D6E2}.AppStore|x64.ActiveCfg = Debug|Any CPU
		{D2742338-6D21-4DFA-9719-6263E529D6E2}.AppStore|x64.Build.0 = Debug|Any CPU
		{D2742338-6D21-4DFA-9719-6263E529D6E2}.AppStore|x86.ActiveCfg = Debug|Any CPU
		{D2742338-6D21-4DFA-9719-6263E529D6E2}.AppStore|x86.Build.0 = Debug|Any CPU
		{D2742338-6D21-4DFA-9719-6263E529D6E2}.Debug|Any CPU.ActiveCfg = Debug|Any CPU
		{D2742338-6D21-4DFA-9719-6263E529D6E2}.Debug|Any CPU.Build.0 = Debug|Any CPU
		{D2742338-6D21-4DFA-9719-6263E529D6E2}.Debug|ARM.ActiveCfg = Debug|Any CPU
		{D2742338-6D21-4DFA-9719-6263E529D6E2}.Debug|ARM.Build.0 = Debug|Any CPU
		{D2742338-6D21-4DFA-9719-6263E529D6E2}.Debug|iPhone.ActiveCfg = Debug|Any CPU
		{D2742338-6D21-4DFA-9719-6263E529D6E2}.Debug|iPhone.Build.0 = Debug|Any CPU
		{D2742338-6D21-4DFA-9719-6263E529D6E2}.Debug|iPhoneSimulator.ActiveCfg = Debug|Any CPU
		{D2742338-6D21-4DFA-9719-6263E529D6E2}.Debug|iPhoneSimulator.Build.0 = Debug|Any CPU
		{D2742338-6D21-4DFA-9719-6263E529D6E2}.Debug|x64.ActiveCfg = Debug|Any CPU
		{D2742338-6D21-4DFA-9719-6263E529D6E2}.Debug|x64.Build.0 = Debug|Any CPU
		{D2742338-6D21-4DFA-9719-6263E529D6E2}.Debug|x86.ActiveCfg = Debug|Any CPU
		{D2742338-6D21-4DFA-9719-6263E529D6E2}.Debug|x86.Build.0 = Debug|Any CPU
		{D2742338-6D21-4DFA-9719-6263E529D6E2}.Release|Any CPU.ActiveCfg = Release|Any CPU
		{D2742338-6D21-4DFA-9719-6263E529D6E2}.Release|Any CPU.Build.0 = Release|Any CPU
		{D2742338-6D21-4DFA-9719-6263E529D6E2}.Release|ARM.ActiveCfg = Release|Any CPU
		{D2742338-6D21-4DFA-9719-6263E529D6E2}.Release|ARM.Build.0 = Release|Any CPU
		{D2742338-6D21-4DFA-9719-6263E529D6E2}.Release|iPhone.ActiveCfg = Release|Any CPU
		{D2742338-6D21-4DFA-9719-6263E529D6E2}.Release|iPhone.Build.0 = Release|Any CPU
		{D2742338-6D21-4DFA-9719-6263E529D6E2}.Release|iPhoneSimulator.ActiveCfg = Release|Any CPU
		{D2742338-6D21-4DFA-9719-6263E529D6E2}.Release|iPhoneSimulator.Build.0 = Release|Any CPU
		{D2742338-6D21-4DFA-9719-6263E529D6E2}.Release|x64.ActiveCfg = Release|Any CPU
		{D2742338-6D21-4DFA-9719-6263E529D6E2}.Release|x64.Build.0 = Release|Any CPU
		{D2742338-6D21-4DFA-9719-6263E529D6E2}.Release|x86.ActiveCfg = Release|Any CPU
		{D2742338-6D21-4DFA-9719-6263E529D6E2}.Release|x86.Build.0 = Release|Any CPU
		{8DCB48FE-3B8B-45AF-BBB3-418D9BB3200E}.Ad-Hoc|Any CPU.ActiveCfg = Debug|Any CPU
		{8DCB48FE-3B8B-45AF-BBB3-418D9BB3200E}.Ad-Hoc|Any CPU.Build.0 = Debug|Any CPU
		{8DCB48FE-3B8B-45AF-BBB3-418D9BB3200E}.Ad-Hoc|ARM.ActiveCfg = Debug|Any CPU
		{8DCB48FE-3B8B-45AF-BBB3-418D9BB3200E}.Ad-Hoc|ARM.Build.0 = Debug|Any CPU
		{8DCB48FE-3B8B-45AF-BBB3-418D9BB3200E}.Ad-Hoc|iPhone.ActiveCfg = Debug|Any CPU
		{8DCB48FE-3B8B-45AF-BBB3-418D9BB3200E}.Ad-Hoc|iPhone.Build.0 = Debug|Any CPU
		{8DCB48FE-3B8B-45AF-BBB3-418D9BB3200E}.Ad-Hoc|iPhoneSimulator.ActiveCfg = Debug|Any CPU
		{8DCB48FE-3B8B-45AF-BBB3-418D9BB3200E}.Ad-Hoc|iPhoneSimulator.Build.0 = Debug|Any CPU
		{8DCB48FE-3B8B-45AF-BBB3-418D9BB3200E}.Ad-Hoc|x64.ActiveCfg = Debug|Any CPU
		{8DCB48FE-3B8B-45AF-BBB3-418D9BB3200E}.Ad-Hoc|x64.Build.0 = Debug|Any CPU
		{8DCB48FE-3B8B-45AF-BBB3-418D9BB3200E}.Ad-Hoc|x86.ActiveCfg = Debug|Any CPU
		{8DCB48FE-3B8B-45AF-BBB3-418D9BB3200E}.Ad-Hoc|x86.Build.0 = Debug|Any CPU
		{8DCB48FE-3B8B-45AF-BBB3-418D9BB3200E}.AppStore|Any CPU.ActiveCfg = Debug|Any CPU
		{8DCB48FE-3B8B-45AF-BBB3-418D9BB3200E}.AppStore|Any CPU.Build.0 = Debug|Any CPU
		{8DCB48FE-3B8B-45AF-BBB3-418D9BB3200E}.AppStore|ARM.ActiveCfg = Debug|Any CPU
		{8DCB48FE-3B8B-45AF-BBB3-418D9BB3200E}.AppStore|ARM.Build.0 = Debug|Any CPU
		{8DCB48FE-3B8B-45AF-BBB3-418D9BB3200E}.AppStore|iPhone.ActiveCfg = Debug|Any CPU
		{8DCB48FE-3B8B-45AF-BBB3-418D9BB3200E}.AppStore|iPhone.Build.0 = Debug|Any CPU
		{8DCB48FE-3B8B-45AF-BBB3-418D9BB3200E}.AppStore|iPhoneSimulator.ActiveCfg = Debug|Any CPU
		{8DCB48FE-3B8B-45AF-BBB3-418D9BB3200E}.AppStore|iPhoneSimulator.Build.0 = Debug|Any CPU
		{8DCB48FE-3B8B-45AF-BBB3-418D9BB3200E}.AppStore|x64.ActiveCfg = Debug|Any CPU
		{8DCB48FE-3B8B-45AF-BBB3-418D9BB3200E}.AppStore|x64.Build.0 = Debug|Any CPU
		{8DCB48FE-3B8B-45AF-BBB3-418D9BB3200E}.AppStore|x86.ActiveCfg = Debug|Any CPU
		{8DCB48FE-3B8B-45AF-BBB3-418D9BB3200E}.AppStore|x86.Build.0 = Debug|Any CPU
		{8DCB48FE-3B8B-45AF-BBB3-418D9BB3200E}.Debug|Any CPU.ActiveCfg = Debug|Any CPU
		{8DCB48FE-3B8B-45AF-BBB3-418D9BB3200E}.Debug|Any CPU.Build.0 = Debug|Any CPU
		{8DCB48FE-3B8B-45AF-BBB3-418D9BB3200E}.Debug|ARM.ActiveCfg = Debug|Any CPU
		{8DCB48FE-3B8B-45AF-BBB3-418D9BB3200E}.Debug|ARM.Build.0 = Debug|Any CPU
		{8DCB48FE-3B8B-45AF-BBB3-418D9BB3200E}.Debug|iPhone.ActiveCfg = Debug|Any CPU
		{8DCB48FE-3B8B-45AF-BBB3-418D9BB3200E}.Debug|iPhone.Build.0 = Debug|Any CPU
		{8DCB48FE-3B8B-45AF-BBB3-418D9BB3200E}.Debug|iPhoneSimulator.ActiveCfg = Debug|Any CPU
		{8DCB48FE-3B8B-45AF-BBB3-418D9BB3200E}.Debug|iPhoneSimulator.Build.0 = Debug|Any CPU
		{8DCB48FE-3B8B-45AF-BBB3-418D9BB3200E}.Debug|x64.ActiveCfg = Debug|Any CPU
		{8DCB48FE-3B8B-45AF-BBB3-418D9BB3200E}.Debug|x64.Build.0 = Debug|Any CPU
		{8DCB48FE-3B8B-45AF-BBB3-418D9BB3200E}.Debug|x86.ActiveCfg = Debug|Any CPU
		{8DCB48FE-3B8B-45AF-BBB3-418D9BB3200E}.Debug|x86.Build.0 = Debug|Any CPU
		{8DCB48FE-3B8B-45AF-BBB3-418D9BB3200E}.Release|Any CPU.ActiveCfg = Release|Any CPU
		{8DCB48FE-3B8B-45AF-BBB3-418D9BB3200E}.Release|Any CPU.Build.0 = Release|Any CPU
		{8DCB48FE-3B8B-45AF-BBB3-418D9BB3200E}.Release|ARM.ActiveCfg = Release|Any CPU
		{8DCB48FE-3B8B-45AF-BBB3-418D9BB3200E}.Release|ARM.Build.0 = Release|Any CPU
		{8DCB48FE-3B8B-45AF-BBB3-418D9BB3200E}.Release|iPhone.ActiveCfg = Release|Any CPU
		{8DCB48FE-3B8B-45AF-BBB3-418D9BB3200E}.Release|iPhone.Build.0 = Release|Any CPU
		{8DCB48FE-3B8B-45AF-BBB3-418D9BB3200E}.Release|iPhoneSimulator.ActiveCfg = Release|Any CPU
		{8DCB48FE-3B8B-45AF-BBB3-418D9BB3200E}.Release|iPhoneSimulator.Build.0 = Release|Any CPU
		{8DCB48FE-3B8B-45AF-BBB3-418D9BB3200E}.Release|x64.ActiveCfg = Release|Any CPU
		{8DCB48FE-3B8B-45AF-BBB3-418D9BB3200E}.Release|x64.Build.0 = Release|Any CPU
		{8DCB48FE-3B8B-45AF-BBB3-418D9BB3200E}.Release|x86.ActiveCfg = Release|Any CPU
		{8DCB48FE-3B8B-45AF-BBB3-418D9BB3200E}.Release|x86.Build.0 = Release|Any CPU
		{BE75D840-DBDC-47F3-9942-8BBA5180424E}.Ad-Hoc|Any CPU.ActiveCfg = Release|Any CPU
		{BE75D840-DBDC-47F3-9942-8BBA5180424E}.Ad-Hoc|Any CPU.Build.0 = Release|Any CPU
		{BE75D840-DBDC-47F3-9942-8BBA5180424E}.Ad-Hoc|Any CPU.Deploy.0 = Release|Any CPU
		{BE75D840-DBDC-47F3-9942-8BBA5180424E}.Ad-Hoc|ARM.ActiveCfg = Release|Any CPU
		{BE75D840-DBDC-47F3-9942-8BBA5180424E}.Ad-Hoc|ARM.Build.0 = Release|Any CPU
		{BE75D840-DBDC-47F3-9942-8BBA5180424E}.Ad-Hoc|ARM.Deploy.0 = Release|Any CPU
		{BE75D840-DBDC-47F3-9942-8BBA5180424E}.Ad-Hoc|iPhone.ActiveCfg = Release|Any CPU
		{BE75D840-DBDC-47F3-9942-8BBA5180424E}.Ad-Hoc|iPhone.Build.0 = Release|Any CPU
		{BE75D840-DBDC-47F3-9942-8BBA5180424E}.Ad-Hoc|iPhone.Deploy.0 = Release|Any CPU
		{BE75D840-DBDC-47F3-9942-8BBA5180424E}.Ad-Hoc|iPhoneSimulator.ActiveCfg = Release|Any CPU
		{BE75D840-DBDC-47F3-9942-8BBA5180424E}.Ad-Hoc|iPhoneSimulator.Build.0 = Release|Any CPU
		{BE75D840-DBDC-47F3-9942-8BBA5180424E}.Ad-Hoc|iPhoneSimulator.Deploy.0 = Release|Any CPU
		{BE75D840-DBDC-47F3-9942-8BBA5180424E}.Ad-Hoc|x64.ActiveCfg = Release|Any CPU
		{BE75D840-DBDC-47F3-9942-8BBA5180424E}.Ad-Hoc|x64.Build.0 = Release|Any CPU
		{BE75D840-DBDC-47F3-9942-8BBA5180424E}.Ad-Hoc|x64.Deploy.0 = Release|Any CPU
		{BE75D840-DBDC-47F3-9942-8BBA5180424E}.Ad-Hoc|x86.ActiveCfg = Release|Any CPU
		{BE75D840-DBDC-47F3-9942-8BBA5180424E}.Ad-Hoc|x86.Build.0 = Release|Any CPU
		{BE75D840-DBDC-47F3-9942-8BBA5180424E}.Ad-Hoc|x86.Deploy.0 = Release|Any CPU
		{BE75D840-DBDC-47F3-9942-8BBA5180424E}.AppStore|Any CPU.ActiveCfg = Release|Any CPU
		{BE75D840-DBDC-47F3-9942-8BBA5180424E}.AppStore|Any CPU.Build.0 = Release|Any CPU
		{BE75D840-DBDC-47F3-9942-8BBA5180424E}.AppStore|Any CPU.Deploy.0 = Release|Any CPU
		{BE75D840-DBDC-47F3-9942-8BBA5180424E}.AppStore|ARM.ActiveCfg = Release|Any CPU
		{BE75D840-DBDC-47F3-9942-8BBA5180424E}.AppStore|ARM.Build.0 = Release|Any CPU
		{BE75D840-DBDC-47F3-9942-8BBA5180424E}.AppStore|ARM.Deploy.0 = Release|Any CPU
		{BE75D840-DBDC-47F3-9942-8BBA5180424E}.AppStore|iPhone.ActiveCfg = Release|Any CPU
		{BE75D840-DBDC-47F3-9942-8BBA5180424E}.AppStore|iPhone.Build.0 = Release|Any CPU
		{BE75D840-DBDC-47F3-9942-8BBA5180424E}.AppStore|iPhone.Deploy.0 = Release|Any CPU
		{BE75D840-DBDC-47F3-9942-8BBA5180424E}.AppStore|iPhoneSimulator.ActiveCfg = Release|Any CPU
		{BE75D840-DBDC-47F3-9942-8BBA5180424E}.AppStore|iPhoneSimulator.Build.0 = Release|Any CPU
		{BE75D840-DBDC-47F3-9942-8BBA5180424E}.AppStore|iPhoneSimulator.Deploy.0 = Release|Any CPU
		{BE75D840-DBDC-47F3-9942-8BBA5180424E}.AppStore|x64.ActiveCfg = Release|Any CPU
		{BE75D840-DBDC-47F3-9942-8BBA5180424E}.AppStore|x64.Build.0 = Release|Any CPU
		{BE75D840-DBDC-47F3-9942-8BBA5180424E}.AppStore|x64.Deploy.0 = Release|Any CPU
		{BE75D840-DBDC-47F3-9942-8BBA5180424E}.AppStore|x86.ActiveCfg = Release|Any CPU
		{BE75D840-DBDC-47F3-9942-8BBA5180424E}.AppStore|x86.Build.0 = Release|Any CPU
		{BE75D840-DBDC-47F3-9942-8BBA5180424E}.AppStore|x86.Deploy.0 = Release|Any CPU
		{BE75D840-DBDC-47F3-9942-8BBA5180424E}.Debug|Any CPU.ActiveCfg = Debug|Any CPU
		{BE75D840-DBDC-47F3-9942-8BBA5180424E}.Debug|Any CPU.Build.0 = Debug|Any CPU
		{BE75D840-DBDC-47F3-9942-8BBA5180424E}.Debug|Any CPU.Deploy.0 = Debug|Any CPU
		{BE75D840-DBDC-47F3-9942-8BBA5180424E}.Debug|ARM.ActiveCfg = Debug|Any CPU
		{BE75D840-DBDC-47F3-9942-8BBA5180424E}.Debug|ARM.Build.0 = Debug|Any CPU
		{BE75D840-DBDC-47F3-9942-8BBA5180424E}.Debug|ARM.Deploy.0 = Debug|Any CPU
		{BE75D840-DBDC-47F3-9942-8BBA5180424E}.Debug|iPhone.ActiveCfg = Debug|Any CPU
		{BE75D840-DBDC-47F3-9942-8BBA5180424E}.Debug|iPhone.Build.0 = Debug|Any CPU
		{BE75D840-DBDC-47F3-9942-8BBA5180424E}.Debug|iPhone.Deploy.0 = Debug|Any CPU
		{BE75D840-DBDC-47F3-9942-8BBA5180424E}.Debug|iPhoneSimulator.ActiveCfg = Debug|Any CPU
		{BE75D840-DBDC-47F3-9942-8BBA5180424E}.Debug|iPhoneSimulator.Build.0 = Debug|Any CPU
		{BE75D840-DBDC-47F3-9942-8BBA5180424E}.Debug|iPhoneSimulator.Deploy.0 = Debug|Any CPU
		{BE75D840-DBDC-47F3-9942-8BBA5180424E}.Debug|x64.ActiveCfg = Debug|Any CPU
		{BE75D840-DBDC-47F3-9942-8BBA5180424E}.Debug|x64.Build.0 = Debug|Any CPU
		{BE75D840-DBDC-47F3-9942-8BBA5180424E}.Debug|x64.Deploy.0 = Debug|Any CPU
		{BE75D840-DBDC-47F3-9942-8BBA5180424E}.Debug|x86.ActiveCfg = Debug|Any CPU
		{BE75D840-DBDC-47F3-9942-8BBA5180424E}.Debug|x86.Build.0 = Debug|Any CPU
		{BE75D840-DBDC-47F3-9942-8BBA5180424E}.Debug|x86.Deploy.0 = Debug|Any CPU
		{BE75D840-DBDC-47F3-9942-8BBA5180424E}.Release|Any CPU.ActiveCfg = Release|Any CPU
		{BE75D840-DBDC-47F3-9942-8BBA5180424E}.Release|Any CPU.Build.0 = Release|Any CPU
		{BE75D840-DBDC-47F3-9942-8BBA5180424E}.Release|Any CPU.Deploy.0 = Release|Any CPU
		{BE75D840-DBDC-47F3-9942-8BBA5180424E}.Release|ARM.ActiveCfg = Release|Any CPU
		{BE75D840-DBDC-47F3-9942-8BBA5180424E}.Release|ARM.Build.0 = Release|Any CPU
		{BE75D840-DBDC-47F3-9942-8BBA5180424E}.Release|ARM.Deploy.0 = Release|Any CPU
		{BE75D840-DBDC-47F3-9942-8BBA5180424E}.Release|iPhone.ActiveCfg = Release|Any CPU
		{BE75D840-DBDC-47F3-9942-8BBA5180424E}.Release|iPhone.Build.0 = Release|Any CPU
		{BE75D840-DBDC-47F3-9942-8BBA5180424E}.Release|iPhone.Deploy.0 = Release|Any CPU
		{BE75D840-DBDC-47F3-9942-8BBA5180424E}.Release|iPhoneSimulator.ActiveCfg = Release|Any CPU
		{BE75D840-DBDC-47F3-9942-8BBA5180424E}.Release|iPhoneSimulator.Build.0 = Release|Any CPU
		{BE75D840-DBDC-47F3-9942-8BBA5180424E}.Release|iPhoneSimulator.Deploy.0 = Release|Any CPU
		{BE75D840-DBDC-47F3-9942-8BBA5180424E}.Release|x64.ActiveCfg = Release|Any CPU
		{BE75D840-DBDC-47F3-9942-8BBA5180424E}.Release|x64.Build.0 = Release|Any CPU
		{BE75D840-DBDC-47F3-9942-8BBA5180424E}.Release|x64.Deploy.0 = Release|Any CPU
		{BE75D840-DBDC-47F3-9942-8BBA5180424E}.Release|x86.ActiveCfg = Release|Any CPU
		{BE75D840-DBDC-47F3-9942-8BBA5180424E}.Release|x86.Build.0 = Release|Any CPU
		{BE75D840-DBDC-47F3-9942-8BBA5180424E}.Release|x86.Deploy.0 = Release|Any CPU
		{26703ED8-6389-44F5-8B4F-FD22D8DD4CD4}.Ad-Hoc|Any CPU.ActiveCfg = Release|iPhone
		{26703ED8-6389-44F5-8B4F-FD22D8DD4CD4}.Ad-Hoc|Any CPU.Build.0 = Release|iPhone
		{26703ED8-6389-44F5-8B4F-FD22D8DD4CD4}.Ad-Hoc|ARM.ActiveCfg = Release|iPhone
		{26703ED8-6389-44F5-8B4F-FD22D8DD4CD4}.Ad-Hoc|ARM.Build.0 = Release|iPhone
		{26703ED8-6389-44F5-8B4F-FD22D8DD4CD4}.Ad-Hoc|iPhone.ActiveCfg = Release|iPhone
		{26703ED8-6389-44F5-8B4F-FD22D8DD4CD4}.Ad-Hoc|iPhone.Build.0 = Release|iPhone
		{26703ED8-6389-44F5-8B4F-FD22D8DD4CD4}.Ad-Hoc|iPhoneSimulator.ActiveCfg = Release|iPhoneSimulator
		{26703ED8-6389-44F5-8B4F-FD22D8DD4CD4}.Ad-Hoc|iPhoneSimulator.Build.0 = Release|iPhoneSimulator
		{26703ED8-6389-44F5-8B4F-FD22D8DD4CD4}.Ad-Hoc|x64.ActiveCfg = Release|iPhone
		{26703ED8-6389-44F5-8B4F-FD22D8DD4CD4}.Ad-Hoc|x64.Build.0 = Release|iPhone
		{26703ED8-6389-44F5-8B4F-FD22D8DD4CD4}.Ad-Hoc|x86.ActiveCfg = Release|iPhone
		{26703ED8-6389-44F5-8B4F-FD22D8DD4CD4}.Ad-Hoc|x86.Build.0 = Release|iPhone
		{26703ED8-6389-44F5-8B4F-FD22D8DD4CD4}.AppStore|Any CPU.ActiveCfg = Release|iPhone
		{26703ED8-6389-44F5-8B4F-FD22D8DD4CD4}.AppStore|Any CPU.Build.0 = Release|iPhone
		{26703ED8-6389-44F5-8B4F-FD22D8DD4CD4}.AppStore|ARM.ActiveCfg = Release|iPhone
		{26703ED8-6389-44F5-8B4F-FD22D8DD4CD4}.AppStore|ARM.Build.0 = Release|iPhone
		{26703ED8-6389-44F5-8B4F-FD22D8DD4CD4}.AppStore|iPhone.ActiveCfg = Release|iPhone
		{26703ED8-6389-44F5-8B4F-FD22D8DD4CD4}.AppStore|iPhone.Build.0 = Release|iPhone
		{26703ED8-6389-44F5-8B4F-FD22D8DD4CD4}.AppStore|iPhoneSimulator.ActiveCfg = Release|iPhoneSimulator
		{26703ED8-6389-44F5-8B4F-FD22D8DD4CD4}.AppStore|iPhoneSimulator.Build.0 = Release|iPhoneSimulator
		{26703ED8-6389-44F5-8B4F-FD22D8DD4CD4}.AppStore|x64.ActiveCfg = Release|iPhone
		{26703ED8-6389-44F5-8B4F-FD22D8DD4CD4}.AppStore|x64.Build.0 = Release|iPhone
		{26703ED8-6389-44F5-8B4F-FD22D8DD4CD4}.AppStore|x86.ActiveCfg = Release|iPhone
		{26703ED8-6389-44F5-8B4F-FD22D8DD4CD4}.AppStore|x86.Build.0 = Release|iPhone
		{26703ED8-6389-44F5-8B4F-FD22D8DD4CD4}.Debug|Any CPU.ActiveCfg = Debug|iPhone
		{26703ED8-6389-44F5-8B4F-FD22D8DD4CD4}.Debug|ARM.ActiveCfg = Debug|iPhone
		{26703ED8-6389-44F5-8B4F-FD22D8DD4CD4}.Debug|iPhone.ActiveCfg = Debug|iPhone
		{26703ED8-6389-44F5-8B4F-FD22D8DD4CD4}.Debug|iPhone.Build.0 = Debug|iPhone
		{26703ED8-6389-44F5-8B4F-FD22D8DD4CD4}.Debug|iPhoneSimulator.ActiveCfg = Debug|iPhoneSimulator
		{26703ED8-6389-44F5-8B4F-FD22D8DD4CD4}.Debug|iPhoneSimulator.Build.0 = Debug|iPhoneSimulator
		{26703ED8-6389-44F5-8B4F-FD22D8DD4CD4}.Debug|x64.ActiveCfg = Debug|iPhone
		{26703ED8-6389-44F5-8B4F-FD22D8DD4CD4}.Debug|x86.ActiveCfg = Debug|iPhone
		{26703ED8-6389-44F5-8B4F-FD22D8DD4CD4}.Release|Any CPU.ActiveCfg = Release|iPhone
		{26703ED8-6389-44F5-8B4F-FD22D8DD4CD4}.Release|ARM.ActiveCfg = Release|iPhone
		{26703ED8-6389-44F5-8B4F-FD22D8DD4CD4}.Release|iPhone.ActiveCfg = Release|iPhone
		{26703ED8-6389-44F5-8B4F-FD22D8DD4CD4}.Release|iPhone.Build.0 = Release|iPhone
		{26703ED8-6389-44F5-8B4F-FD22D8DD4CD4}.Release|iPhoneSimulator.ActiveCfg = Release|iPhoneSimulator
		{26703ED8-6389-44F5-8B4F-FD22D8DD4CD4}.Release|iPhoneSimulator.Build.0 = Release|iPhoneSimulator
		{26703ED8-6389-44F5-8B4F-FD22D8DD4CD4}.Release|x64.ActiveCfg = Release|iPhone
		{26703ED8-6389-44F5-8B4F-FD22D8DD4CD4}.Release|x86.ActiveCfg = Release|iPhone
		{206DEC52-9095-47FE-A5B4-4E998FC5374D}.Ad-Hoc|Any CPU.ActiveCfg = Debug|Any CPU
		{206DEC52-9095-47FE-A5B4-4E998FC5374D}.Ad-Hoc|Any CPU.Build.0 = Debug|Any CPU
		{206DEC52-9095-47FE-A5B4-4E998FC5374D}.Ad-Hoc|ARM.ActiveCfg = Debug|Any CPU
		{206DEC52-9095-47FE-A5B4-4E998FC5374D}.Ad-Hoc|ARM.Build.0 = Debug|Any CPU
		{206DEC52-9095-47FE-A5B4-4E998FC5374D}.Ad-Hoc|iPhone.ActiveCfg = Debug|Any CPU
		{206DEC52-9095-47FE-A5B4-4E998FC5374D}.Ad-Hoc|iPhone.Build.0 = Debug|Any CPU
		{206DEC52-9095-47FE-A5B4-4E998FC5374D}.Ad-Hoc|iPhoneSimulator.ActiveCfg = Debug|Any CPU
		{206DEC52-9095-47FE-A5B4-4E998FC5374D}.Ad-Hoc|iPhoneSimulator.Build.0 = Debug|Any CPU
		{206DEC52-9095-47FE-A5B4-4E998FC5374D}.Ad-Hoc|x64.ActiveCfg = Debug|Any CPU
		{206DEC52-9095-47FE-A5B4-4E998FC5374D}.Ad-Hoc|x64.Build.0 = Debug|Any CPU
		{206DEC52-9095-47FE-A5B4-4E998FC5374D}.Ad-Hoc|x86.ActiveCfg = Debug|Any CPU
		{206DEC52-9095-47FE-A5B4-4E998FC5374D}.Ad-Hoc|x86.Build.0 = Debug|Any CPU
		{206DEC52-9095-47FE-A5B4-4E998FC5374D}.AppStore|Any CPU.ActiveCfg = Debug|Any CPU
		{206DEC52-9095-47FE-A5B4-4E998FC5374D}.AppStore|Any CPU.Build.0 = Debug|Any CPU
		{206DEC52-9095-47FE-A5B4-4E998FC5374D}.AppStore|ARM.ActiveCfg = Debug|Any CPU
		{206DEC52-9095-47FE-A5B4-4E998FC5374D}.AppStore|ARM.Build.0 = Debug|Any CPU
		{206DEC52-9095-47FE-A5B4-4E998FC5374D}.AppStore|iPhone.ActiveCfg = Debug|Any CPU
		{206DEC52-9095-47FE-A5B4-4E998FC5374D}.AppStore|iPhone.Build.0 = Debug|Any CPU
		{206DEC52-9095-47FE-A5B4-4E998FC5374D}.AppStore|iPhoneSimulator.ActiveCfg = Debug|Any CPU
		{206DEC52-9095-47FE-A5B4-4E998FC5374D}.AppStore|iPhoneSimulator.Build.0 = Debug|Any CPU
		{206DEC52-9095-47FE-A5B4-4E998FC5374D}.AppStore|x64.ActiveCfg = Debug|Any CPU
		{206DEC52-9095-47FE-A5B4-4E998FC5374D}.AppStore|x64.Build.0 = Debug|Any CPU
		{206DEC52-9095-47FE-A5B4-4E998FC5374D}.AppStore|x86.ActiveCfg = Debug|Any CPU
		{206DEC52-9095-47FE-A5B4-4E998FC5374D}.AppStore|x86.Build.0 = Debug|Any CPU
		{206DEC52-9095-47FE-A5B4-4E998FC5374D}.Debug|Any CPU.ActiveCfg = Debug|Any CPU
		{206DEC52-9095-47FE-A5B4-4E998FC5374D}.Debug|Any CPU.Build.0 = Debug|Any CPU
		{206DEC52-9095-47FE-A5B4-4E998FC5374D}.Debug|ARM.ActiveCfg = Debug|Any CPU
		{206DEC52-9095-47FE-A5B4-4E998FC5374D}.Debug|ARM.Build.0 = Debug|Any CPU
		{206DEC52-9095-47FE-A5B4-4E998FC5374D}.Debug|iPhone.ActiveCfg = Debug|Any CPU
		{206DEC52-9095-47FE-A5B4-4E998FC5374D}.Debug|iPhone.Build.0 = Debug|Any CPU
		{206DEC52-9095-47FE-A5B4-4E998FC5374D}.Debug|iPhoneSimulator.ActiveCfg = Debug|Any CPU
		{206DEC52-9095-47FE-A5B4-4E998FC5374D}.Debug|iPhoneSimulator.Build.0 = Debug|Any CPU
		{206DEC52-9095-47FE-A5B4-4E998FC5374D}.Debug|x64.ActiveCfg = Debug|Any CPU
		{206DEC52-9095-47FE-A5B4-4E998FC5374D}.Debug|x64.Build.0 = Debug|Any CPU
		{206DEC52-9095-47FE-A5B4-4E998FC5374D}.Debug|x86.ActiveCfg = Debug|Any CPU
		{206DEC52-9095-47FE-A5B4-4E998FC5374D}.Debug|x86.Build.0 = Debug|Any CPU
		{206DEC52-9095-47FE-A5B4-4E998FC5374D}.Release|Any CPU.ActiveCfg = Release|Any CPU
		{206DEC52-9095-47FE-A5B4-4E998FC5374D}.Release|Any CPU.Build.0 = Release|Any CPU
		{206DEC52-9095-47FE-A5B4-4E998FC5374D}.Release|ARM.ActiveCfg = Release|Any CPU
		{206DEC52-9095-47FE-A5B4-4E998FC5374D}.Release|ARM.Build.0 = Release|Any CPU
		{206DEC52-9095-47FE-A5B4-4E998FC5374D}.Release|iPhone.ActiveCfg = Release|Any CPU
		{206DEC52-9095-47FE-A5B4-4E998FC5374D}.Release|iPhone.Build.0 = Release|Any CPU
		{206DEC52-9095-47FE-A5B4-4E998FC5374D}.Release|iPhoneSimulator.ActiveCfg = Release|Any CPU
		{206DEC52-9095-47FE-A5B4-4E998FC5374D}.Release|iPhoneSimulator.Build.0 = Release|Any CPU
		{206DEC52-9095-47FE-A5B4-4E998FC5374D}.Release|x64.ActiveCfg = Release|Any CPU
		{206DEC52-9095-47FE-A5B4-4E998FC5374D}.Release|x64.Build.0 = Release|Any CPU
		{206DEC52-9095-47FE-A5B4-4E998FC5374D}.Release|x86.ActiveCfg = Release|Any CPU
		{206DEC52-9095-47FE-A5B4-4E998FC5374D}.Release|x86.Build.0 = Release|Any CPU
		{CC4C0E59-772C-4B07-B736-30A1F31A5243}.Ad-Hoc|Any CPU.ActiveCfg = Release|x86
		{CC4C0E59-772C-4B07-B736-30A1F31A5243}.Ad-Hoc|Any CPU.Build.0 = Release|x86
		{CC4C0E59-772C-4B07-B736-30A1F31A5243}.Ad-Hoc|Any CPU.Deploy.0 = Release|x86
		{CC4C0E59-772C-4B07-B736-30A1F31A5243}.Ad-Hoc|ARM.ActiveCfg = Release|ARM
		{CC4C0E59-772C-4B07-B736-30A1F31A5243}.Ad-Hoc|ARM.Build.0 = Release|ARM
		{CC4C0E59-772C-4B07-B736-30A1F31A5243}.Ad-Hoc|ARM.Deploy.0 = Release|ARM
		{CC4C0E59-772C-4B07-B736-30A1F31A5243}.Ad-Hoc|iPhone.ActiveCfg = Release|x86
		{CC4C0E59-772C-4B07-B736-30A1F31A5243}.Ad-Hoc|iPhone.Build.0 = Release|x86
		{CC4C0E59-772C-4B07-B736-30A1F31A5243}.Ad-Hoc|iPhone.Deploy.0 = Release|x86
		{CC4C0E59-772C-4B07-B736-30A1F31A5243}.Ad-Hoc|iPhoneSimulator.ActiveCfg = Release|x86
		{CC4C0E59-772C-4B07-B736-30A1F31A5243}.Ad-Hoc|iPhoneSimulator.Build.0 = Release|x86
		{CC4C0E59-772C-4B07-B736-30A1F31A5243}.Ad-Hoc|iPhoneSimulator.Deploy.0 = Release|x86
		{CC4C0E59-772C-4B07-B736-30A1F31A5243}.Ad-Hoc|x64.ActiveCfg = Release|x64
		{CC4C0E59-772C-4B07-B736-30A1F31A5243}.Ad-Hoc|x64.Build.0 = Release|x64
		{CC4C0E59-772C-4B07-B736-30A1F31A5243}.Ad-Hoc|x64.Deploy.0 = Release|x64
		{CC4C0E59-772C-4B07-B736-30A1F31A5243}.Ad-Hoc|x86.ActiveCfg = Release|x86
		{CC4C0E59-772C-4B07-B736-30A1F31A5243}.Ad-Hoc|x86.Build.0 = Release|x86
		{CC4C0E59-772C-4B07-B736-30A1F31A5243}.Ad-Hoc|x86.Deploy.0 = Release|x86
		{CC4C0E59-772C-4B07-B736-30A1F31A5243}.AppStore|Any CPU.ActiveCfg = Release|x86
		{CC4C0E59-772C-4B07-B736-30A1F31A5243}.AppStore|Any CPU.Build.0 = Release|x86
		{CC4C0E59-772C-4B07-B736-30A1F31A5243}.AppStore|Any CPU.Deploy.0 = Release|x86
		{CC4C0E59-772C-4B07-B736-30A1F31A5243}.AppStore|ARM.ActiveCfg = Release|ARM
		{CC4C0E59-772C-4B07-B736-30A1F31A5243}.AppStore|ARM.Build.0 = Release|ARM
		{CC4C0E59-772C-4B07-B736-30A1F31A5243}.AppStore|ARM.Deploy.0 = Release|ARM
		{CC4C0E59-772C-4B07-B736-30A1F31A5243}.AppStore|iPhone.ActiveCfg = Release|x86
		{CC4C0E59-772C-4B07-B736-30A1F31A5243}.AppStore|iPhone.Build.0 = Release|x86
		{CC4C0E59-772C-4B07-B736-30A1F31A5243}.AppStore|iPhone.Deploy.0 = Release|x86
		{CC4C0E59-772C-4B07-B736-30A1F31A5243}.AppStore|iPhoneSimulator.ActiveCfg = Release|x86
		{CC4C0E59-772C-4B07-B736-30A1F31A5243}.AppStore|iPhoneSimulator.Build.0 = Release|x86
		{CC4C0E59-772C-4B07-B736-30A1F31A5243}.AppStore|iPhoneSimulator.Deploy.0 = Release|x86
		{CC4C0E59-772C-4B07-B736-30A1F31A5243}.AppStore|x64.ActiveCfg = Release|x64
		{CC4C0E59-772C-4B07-B736-30A1F31A5243}.AppStore|x64.Build.0 = Release|x64
		{CC4C0E59-772C-4B07-B736-30A1F31A5243}.AppStore|x64.Deploy.0 = Release|x64
		{CC4C0E59-772C-4B07-B736-30A1F31A5243}.AppStore|x86.ActiveCfg = Release|x86
		{CC4C0E59-772C-4B07-B736-30A1F31A5243}.AppStore|x86.Build.0 = Release|x86
		{CC4C0E59-772C-4B07-B736-30A1F31A5243}.AppStore|x86.Deploy.0 = Release|x86
		{CC4C0E59-772C-4B07-B736-30A1F31A5243}.Debug|Any CPU.ActiveCfg = Debug|x86
		{CC4C0E59-772C-4B07-B736-30A1F31A5243}.Debug|ARM.ActiveCfg = Debug|ARM
		{CC4C0E59-772C-4B07-B736-30A1F31A5243}.Debug|ARM.Build.0 = Debug|ARM
		{CC4C0E59-772C-4B07-B736-30A1F31A5243}.Debug|ARM.Deploy.0 = Debug|ARM
		{CC4C0E59-772C-4B07-B736-30A1F31A5243}.Debug|iPhone.ActiveCfg = Debug|x86
		{CC4C0E59-772C-4B07-B736-30A1F31A5243}.Debug|iPhoneSimulator.ActiveCfg = Debug|x86
		{CC4C0E59-772C-4B07-B736-30A1F31A5243}.Debug|x64.ActiveCfg = Debug|x64
		{CC4C0E59-772C-4B07-B736-30A1F31A5243}.Debug|x64.Build.0 = Debug|x64
		{CC4C0E59-772C-4B07-B736-30A1F31A5243}.Debug|x64.Deploy.0 = Debug|x64
		{CC4C0E59-772C-4B07-B736-30A1F31A5243}.Debug|x86.ActiveCfg = Debug|x86
		{CC4C0E59-772C-4B07-B736-30A1F31A5243}.Debug|x86.Build.0 = Debug|x86
		{CC4C0E59-772C-4B07-B736-30A1F31A5243}.Debug|x86.Deploy.0 = Debug|x86
		{CC4C0E59-772C-4B07-B736-30A1F31A5243}.Release|Any CPU.ActiveCfg = Release|x86
		{CC4C0E59-772C-4B07-B736-30A1F31A5243}.Release|ARM.ActiveCfg = Release|ARM
		{CC4C0E59-772C-4B07-B736-30A1F31A5243}.Release|ARM.Build.0 = Release|ARM
		{CC4C0E59-772C-4B07-B736-30A1F31A5243}.Release|ARM.Deploy.0 = Release|ARM
		{CC4C0E59-772C-4B07-B736-30A1F31A5243}.Release|iPhone.ActiveCfg = Release|x86
		{CC4C0E59-772C-4B07-B736-30A1F31A5243}.Release|iPhoneSimulator.ActiveCfg = Release|x86
		{CC4C0E59-772C-4B07-B736-30A1F31A5243}.Release|x64.ActiveCfg = Release|x64
		{CC4C0E59-772C-4B07-B736-30A1F31A5243}.Release|x64.Build.0 = Release|x64
		{CC4C0E59-772C-4B07-B736-30A1F31A5243}.Release|x64.Deploy.0 = Release|x64
		{CC4C0E59-772C-4B07-B736-30A1F31A5243}.Release|x86.ActiveCfg = Release|x86
		{CC4C0E59-772C-4B07-B736-30A1F31A5243}.Release|x86.Build.0 = Release|x86
		{CC4C0E59-772C-4B07-B736-30A1F31A5243}.Release|x86.Deploy.0 = Release|x86
	EndGlobalSection
	GlobalSection(SolutionProperties) = preSolution
		HideSolutionNode = FALSE
	EndGlobalSection
	GlobalSection(NestedProjects) = preSolution
		{A29739F3-1EE9-444F-82B1-BEDB89BC3639} = {59AE0486-ED5E-4CC4-8DCD-B5BF6E8C8645}
		{EB98441D-B342-45E7-A533-F2C2A3B9C432} = {59AE0486-ED5E-4CC4-8DCD-B5BF6E8C8645}
		{8DCB48FE-3B8B-45AF-BBB3-418D9BB3200E} = {EB98441D-B342-45E7-A533-F2C2A3B9C432}
		{BE75D840-DBDC-47F3-9942-8BBA5180424E} = {EB98441D-B342-45E7-A533-F2C2A3B9C432}
		{26703ED8-6389-44F5-8B4F-FD22D8DD4CD4} = {EB98441D-B342-45E7-A533-F2C2A3B9C432}
		{206DEC52-9095-47FE-A5B4-4E998FC5374D} = {A29739F3-1EE9-444F-82B1-BEDB89BC3639}
		{CC4C0E59-772C-4B07-B736-30A1F31A5243} = {EB98441D-B342-45E7-A533-F2C2A3B9C432}
	EndGlobalSection
	GlobalSection(ExtensibilityGlobals) = postSolution
		SolutionGuid = {A082A93A-1D46-4A67-862F-14664CF2FA30}
	EndGlobalSection
EndGlobal
